// !$*UTF8*$!
{
	archiveVersion = 1;
	classes = {
	};
	objectVersion = 50;
	objects = {

/* Begin PBXBuildFile section */
		D8BC9E7326FB23E300C4697D /* AppDelegate.swift in Sources */ = {isa = PBXBuildFile; fileRef = D8BC9E7226FB23E300C4697D /* AppDelegate.swift */; };
		D8BC9E7526FB23E300C4697D /* SceneDelegate.swift in Sources */ = {isa = PBXBuildFile; fileRef = D8BC9E7426FB23E300C4697D /* SceneDelegate.swift */; };
		D8BC9E7726FB23E300C4697D /* ContentView.swift in Sources */ = {isa = PBXBuildFile; fileRef = D8BC9E7626FB23E300C4697D /* ContentView.swift */; };
		D8BC9E7926FB23E600C4697D /* Assets.xcassets in Resources */ = {isa = PBXBuildFile; fileRef = D8BC9E7826FB23E600C4697D /* Assets.xcassets */; };
		D8BC9E7C26FB23E600C4697D /* Preview Assets.xcassets in Resources */ = {isa = PBXBuildFile; fileRef = D8BC9E7B26FB23E600C4697D /* Preview Assets.xcassets */; };
		D8BC9E7F26FB23E600C4697D /* LaunchScreen.storyboard in Resources */ = {isa = PBXBuildFile; fileRef = D8BC9E7D26FB23E600C4697D /* LaunchScreen.storyboard */; };
		D8BC9E8A26FB23E700C4697D /* MovieAppTests.swift in Sources */ = {isa = PBXBuildFile; fileRef = D8BC9E8926FB23E700C4697D /* MovieAppTests.swift */; };
		D8BC9E9526FB23E700C4697D /* MovieAppUITests.swift in Sources */ = {isa = PBXBuildFile; fileRef = D8BC9E9426FB23E700C4697D /* MovieAppUITests.swift */; };
		D8BC9EA426FB245500C4697D /* Movie.swift in Sources */ = {isa = PBXBuildFile; fileRef = D8BC9EA326FB245500C4697D /* Movie.swift */; };
		D8BC9EA726FB253100C4697D /* MovieService.swift in Sources */ = {isa = PBXBuildFile; fileRef = D8BC9EA626FB253100C4697D /* MovieService.swift */; };
		D8BC9EA926FB276400C4697D /* MovieStore.swift in Sources */ = {isa = PBXBuildFile; fileRef = D8BC9EA826FB276400C4697D /* MovieStore.swift */; };
		D8BC9EAB26FB28A000C4697D /* Utils.swift in Sources */ = {isa = PBXBuildFile; fileRef = D8BC9EAA26FB28A000C4697D /* Utils.swift */; };
/* End PBXBuildFile section */

/* Begin PBXContainerItemProxy section */
		D8BC9E8626FB23E700C4697D /* PBXContainerItemProxy */ = {
			isa = PBXContainerItemProxy;
			containerPortal = D8BC9E6726FB23E300C4697D /* Project object */;
			proxyType = 1;
			remoteGlobalIDString = D8BC9E6E26FB23E300C4697D;
			remoteInfo = MovieApp;
		};
		D8BC9E9126FB23E700C4697D /* PBXContainerItemProxy */ = {
			isa = PBXContainerItemProxy;
			containerPortal = D8BC9E6726FB23E300C4697D /* Project object */;
			proxyType = 1;
			remoteGlobalIDString = D8BC9E6E26FB23E300C4697D;
			remoteInfo = MovieApp;
		};
/* End PBXContainerItemProxy section */

/* Begin PBXFileReference section */
		D8BC9E6F26FB23E300C4697D /* MovieApp.app */ = {isa = PBXFileReference; explicitFileType = wrapper.application; includeInIndex = 0; path = MovieApp.app; sourceTree = BUILT_PRODUCTS_DIR; };
		D8BC9E7226FB23E300C4697D /* AppDelegate.swift */ = {isa = PBXFileReference; lastKnownFileType = sourcecode.swift; path = AppDelegate.swift; sourceTree = "<group>"; };
		D8BC9E7426FB23E300C4697D /* SceneDelegate.swift */ = {isa = PBXFileReference; lastKnownFileType = sourcecode.swift; path = SceneDelegate.swift; sourceTree = "<group>"; };
		D8BC9E7626FB23E300C4697D /* ContentView.swift */ = {isa = PBXFileReference; lastKnownFileType = sourcecode.swift; path = ContentView.swift; sourceTree = "<group>"; };
		D8BC9E7826FB23E600C4697D /* Assets.xcassets */ = {isa = PBXFileReference; lastKnownFileType = folder.assetcatalog; path = Assets.xcassets; sourceTree = "<group>"; };
		D8BC9E7B26FB23E600C4697D /* Preview Assets.xcassets */ = {isa = PBXFileReference; lastKnownFileType = folder.assetcatalog; path = "Preview Assets.xcassets"; sourceTree = "<group>"; };
		D8BC9E7E26FB23E600C4697D /* Base */ = {isa = PBXFileReference; lastKnownFileType = file.storyboard; name = Base; path = Base.lproj/LaunchScreen.storyboard; sourceTree = "<group>"; };
		D8BC9E8026FB23E600C4697D /* Info.plist */ = {isa = PBXFileReference; lastKnownFileType = text.plist.xml; path = Info.plist; sourceTree = "<group>"; };
		D8BC9E8526FB23E700C4697D /* MovieAppTests.xctest */ = {isa = PBXFileReference; explicitFileType = wrapper.cfbundle; includeInIndex = 0; path = MovieAppTests.xctest; sourceTree = BUILT_PRODUCTS_DIR; };
		D8BC9E8926FB23E700C4697D /* MovieAppTests.swift */ = {isa = PBXFileReference; lastKnownFileType = sourcecode.swift; path = MovieAppTests.swift; sourceTree = "<group>"; };
		D8BC9E8B26FB23E700C4697D /* Info.plist */ = {isa = PBXFileReference; lastKnownFileType = text.plist.xml; path = Info.plist; sourceTree = "<group>"; };
		D8BC9E9026FB23E700C4697D /* MovieAppUITests.xctest */ = {isa = PBXFileReference; explicitFileType = wrapper.cfbundle; includeInIndex = 0; path = MovieAppUITests.xctest; sourceTree = BUILT_PRODUCTS_DIR; };
		D8BC9E9426FB23E700C4697D /* MovieAppUITests.swift */ = {isa = PBXFileReference; lastKnownFileType = sourcecode.swift; path = MovieAppUITests.swift; sourceTree = "<group>"; };
		D8BC9E9626FB23E700C4697D /* Info.plist */ = {isa = PBXFileReference; lastKnownFileType = text.plist.xml; path = Info.plist; sourceTree = "<group>"; };
		D8BC9EA326FB245500C4697D /* Movie.swift */ = {isa = PBXFileReference; lastKnownFileType = sourcecode.swift; path = Movie.swift; sourceTree = "<group>"; };
		D8BC9EA626FB253100C4697D /* MovieService.swift */ = {isa = PBXFileReference; lastKnownFileType = sourcecode.swift; path = MovieService.swift; sourceTree = "<group>"; };
		D8BC9EA826FB276400C4697D /* MovieStore.swift */ = {isa = PBXFileReference; lastKnownFileType = sourcecode.swift; path = MovieStore.swift; sourceTree = "<group>"; };
		D8BC9EAA26FB28A000C4697D /* Utils.swift */ = {isa = PBXFileReference; lastKnownFileType = sourcecode.swift; path = Utils.swift; sourceTree = "<group>"; };
/* End PBXFileReference section */

/* Begin PBXFrameworksBuildPhase section */
		D8BC9E6C26FB23E300C4697D /* Frameworks */ = {
			isa = PBXFrameworksBuildPhase;
			buildActionMask = 2147483647;
			files = (
			);
			runOnlyForDeploymentPostprocessing = 0;
		};
		D8BC9E8226FB23E700C4697D /* Frameworks */ = {
			isa = PBXFrameworksBuildPhase;
			buildActionMask = 2147483647;
			files = (
			);
			runOnlyForDeploymentPostprocessing = 0;
		};
		D8BC9E8D26FB23E700C4697D /* Frameworks */ = {
			isa = PBXFrameworksBuildPhase;
			buildActionMask = 2147483647;
			files = (
			);
			runOnlyForDeploymentPostprocessing = 0;
		};
/* End PBXFrameworksBuildPhase section */

/* Begin PBXGroup section */
		D8BC9E6626FB23E300C4697D = {
			isa = PBXGroup;
			children = (
				D8BC9E7126FB23E300C4697D /* MovieApp */,
				D8BC9E8826FB23E700C4697D /* MovieAppTests */,
				D8BC9E9326FB23E700C4697D /* MovieAppUITests */,
				D8BC9E7026FB23E300C4697D /* Products */,
			);
			sourceTree = "<group>";
		};
		D8BC9E7026FB23E300C4697D /* Products */ = {
			isa = PBXGroup;
			children = (
				D8BC9E6F26FB23E300C4697D /* MovieApp.app */,
				D8BC9E8526FB23E700C4697D /* MovieAppTests.xctest */,
				D8BC9E9026FB23E700C4697D /* MovieAppUITests.xctest */,
			);
			name = Products;
			sourceTree = "<group>";
		};
		D8BC9E7126FB23E300C4697D /* MovieApp */ = {
			isa = PBXGroup;
			children = (
				D8BC9EA526FB250B00C4697D /* Services */,
				D8BC9EA226FB244500C4697D /* models */,
				D8BC9E7226FB23E300C4697D /* AppDelegate.swift */,
				D8BC9E7426FB23E300C4697D /* SceneDelegate.swift */,
				D8BC9E7626FB23E300C4697D /* ContentView.swift */,
				D8BC9E7826FB23E600C4697D /* Assets.xcassets */,
				D8BC9E7D26FB23E600C4697D /* LaunchScreen.storyboard */,
				D8BC9E8026FB23E600C4697D /* Info.plist */,
				D8BC9E7A26FB23E600C4697D /* Preview Content */,
			);
			path = MovieApp;
			sourceTree = "<group>";
		};
		D8BC9E7A26FB23E600C4697D /* Preview Content */ = {
			isa = PBXGroup;
			children = (
				D8BC9E7B26FB23E600C4697D /* Preview Assets.xcassets */,
			);
			path = "Preview Content";
			sourceTree = "<group>";
		};
		D8BC9E8826FB23E700C4697D /* MovieAppTests */ = {
			isa = PBXGroup;
			children = (
				D8BC9E8926FB23E700C4697D /* MovieAppTests.swift */,
				D8BC9E8B26FB23E700C4697D /* Info.plist */,
			);
			path = MovieAppTests;
			sourceTree = "<group>";
		};
		D8BC9E9326FB23E700C4697D /* MovieAppUITests */ = {
			isa = PBXGroup;
			children = (
				D8BC9E9426FB23E700C4697D /* MovieAppUITests.swift */,
				D8BC9E9626FB23E700C4697D /* Info.plist */,
			);
			path = MovieAppUITests;
			sourceTree = "<group>";
		};
		D8BC9EA226FB244500C4697D /* models */ = {
			isa = PBXGroup;
			children = (
				D8BC9EA326FB245500C4697D /* Movie.swift */,
			);
			path = models;
			sourceTree = "<group>";
		};
		D8BC9EA526FB250B00C4697D /* Services */ = {
			isa = PBXGroup;
			children = (
				D8BC9EA626FB253100C4697D /* MovieService.swift */,
				D8BC9EA826FB276400C4697D /* MovieStore.swift */,
				D8BC9EAA26FB28A000C4697D /* Utils.swift */,
			);
			path = Services;
			sourceTree = "<group>";
		};
/* End PBXGroup section */

/* Begin PBXNativeTarget section */
		D8BC9E6E26FB23E300C4697D /* MovieApp */ = {
			isa = PBXNativeTarget;
			buildConfigurationList = D8BC9E9926FB23E700C4697D /* Build configuration list for PBXNativeTarget "MovieApp" */;
			buildPhases = (
				D8BC9E6B26FB23E300C4697D /* Sources */,
				D8BC9E6C26FB23E300C4697D /* Frameworks */,
				D8BC9E6D26FB23E300C4697D /* Resources */,
			);
			buildRules = (
			);
			dependencies = (
			);
			name = MovieApp;
			productName = MovieApp;
			productReference = D8BC9E6F26FB23E300C4697D /* MovieApp.app */;
			productType = "com.apple.product-type.application";
		};
		D8BC9E8426FB23E700C4697D /* MovieAppTests */ = {
			isa = PBXNativeTarget;
			buildConfigurationList = D8BC9E9C26FB23E700C4697D /* Build configuration list for PBXNativeTarget "MovieAppTests" */;
			buildPhases = (
				D8BC9E8126FB23E700C4697D /* Sources */,
				D8BC9E8226FB23E700C4697D /* Frameworks */,
				D8BC9E8326FB23E700C4697D /* Resources */,
			);
			buildRules = (
			);
			dependencies = (
				D8BC9E8726FB23E700C4697D /* PBXTargetDependency */,
			);
			name = MovieAppTests;
			productName = MovieAppTests;
			productReference = D8BC9E8526FB23E700C4697D /* MovieAppTests.xctest */;
			productType = "com.apple.product-type.bundle.unit-test";
		};
		D8BC9E8F26FB23E700C4697D /* MovieAppUITests */ = {
			isa = PBXNativeTarget;
			buildConfigurationList = D8BC9E9F26FB23E700C4697D /* Build configuration list for PBXNativeTarget "MovieAppUITests" */;
			buildPhases = (
				D8BC9E8C26FB23E700C4697D /* Sources */,
				D8BC9E8D26FB23E700C4697D /* Frameworks */,
				D8BC9E8E26FB23E700C4697D /* Resources */,
			);
			buildRules = (
			);
			dependencies = (
				D8BC9E9226FB23E700C4697D /* PBXTargetDependency */,
			);
			name = MovieAppUITests;
			productName = MovieAppUITests;
			productReference = D8BC9E9026FB23E700C4697D /* MovieAppUITests.xctest */;
			productType = "com.apple.product-type.bundle.ui-testing";
		};
/* End PBXNativeTarget section */

/* Begin PBXProject section */
		D8BC9E6726FB23E300C4697D /* Project object */ = {
			isa = PBXProject;
			attributes = {
				LastSwiftUpdateCheck = 1120;
				LastUpgradeCheck = 1120;
				ORGANIZATIONNAME = AUSTINE;
				TargetAttributes = {
					D8BC9E6E26FB23E300C4697D = {
						CreatedOnToolsVersion = 11.2;
					};
					D8BC9E8426FB23E700C4697D = {
						CreatedOnToolsVersion = 11.2;
						TestTargetID = D8BC9E6E26FB23E300C4697D;
					};
					D8BC9E8F26FB23E700C4697D = {
						CreatedOnToolsVersion = 11.2;
						TestTargetID = D8BC9E6E26FB23E300C4697D;
					};
				};
			};
			buildConfigurationList = D8BC9E6A26FB23E300C4697D /* Build configuration list for PBXProject "MovieApp" */;
			compatibilityVersion = "Xcode 9.3";
			developmentRegion = en;
			hasScannedForEncodings = 0;
			knownRegions = (
				en,
				Base,
			);
			mainGroup = D8BC9E6626FB23E300C4697D;
			productRefGroup = D8BC9E7026FB23E300C4697D /* Products */;
			projectDirPath = "";
			projectRoot = "";
			targets = (
				D8BC9E6E26FB23E300C4697D /* MovieApp */,
				D8BC9E8426FB23E700C4697D /* MovieAppTests */,
				D8BC9E8F26FB23E700C4697D /* MovieAppUITests */,
			);
		};
/* End PBXProject section */

/* Begin PBXResourcesBuildPhase section */
		D8BC9E6D26FB23E300C4697D /* Resources */ = {
			isa = PBXResourcesBuildPhase;
			buildActionMask = 2147483647;
			files = (
				D8BC9E7F26FB23E600C4697D /* LaunchScreen.storyboard in Resources */,
				D8BC9E7C26FB23E600C4697D /* Preview Assets.xcassets in Resources */,
				D8BC9E7926FB23E600C4697D /* Assets.xcassets in Resources */,
			);
			runOnlyForDeploymentPostprocessing = 0;
		};
		D8BC9E8326FB23E700C4697D /* Resources */ = {
			isa = PBXResourcesBuildPhase;
			buildActionMask = 2147483647;
			files = (
			);
			runOnlyForDeploymentPostprocessing = 0;
		};
		D8BC9E8E26FB23E700C4697D /* Resources */ = {
			isa = PBXResourcesBuildPhase;
			buildActionMask = 2147483647;
			files = (
			);
			runOnlyForDeploymentPostprocessing = 0;
		};
/* End PBXResourcesBuildPhase section */

/* Begin PBXSourcesBuildPhase section */
		D8BC9E6B26FB23E300C4697D /* Sources */ = {
			isa = PBXSourcesBuildPhase;
			buildActionMask = 2147483647;
			files = (
				D8BC9E7326FB23E300C4697D /* AppDelegate.swift in Sources */,
				D8BC9E7526FB23E300C4697D /* SceneDelegate.swift in Sources */,
				D8BC9EA426FB245500C4697D /* Movie.swift in Sources */,
				D8BC9EAB26FB28A000C4697D /* Utils.swift in Sources */,
				D8BC9E7726FB23E300C4697D /* ContentView.swift in Sources */,
				D8BC9EA926FB276400C4697D /* MovieStore.swift in Sources */,
				D8BC9EA726FB253100C4697D /* MovieService.swift in Sources */,
			);
			runOnlyForDeploymentPostprocessing = 0;
		};
		D8BC9E8126FB23E700C4697D /* Sources */ = {
			isa = PBXSourcesBuildPhase;
			buildActionMask = 2147483647;
			files = (
				D8BC9E8A26FB23E700C4697D /* MovieAppTests.swift in Sources */,
			);
			runOnlyForDeploymentPostprocessing = 0;
		};
		D8BC9E8C26FB23E700C4697D /* Sources */ = {
			isa = PBXSourcesBuildPhase;
			buildActionMask = 2147483647;
			files = (
				D8BC9E9526FB23E700C4697D /* MovieAppUITests.swift in Sources */,
			);
			runOnlyForDeploymentPostprocessing = 0;
		};
/* End PBXSourcesBuildPhase section */

/* Begin PBXTargetDependency section */
		D8BC9E8726FB23E700C4697D /* PBXTargetDependency */ = {
			isa = PBXTargetDependency;
			target = D8BC9E6E26FB23E300C4697D /* MovieApp */;
			targetProxy = D8BC9E8626FB23E700C4697D /* PBXContainerItemProxy */;
		};
		D8BC9E9226FB23E700C4697D /* PBXTargetDependency */ = {
			isa = PBXTargetDependency;
			target = D8BC9E6E26FB23E300C4697D /* MovieApp */;
			targetProxy = D8BC9E9126FB23E700C4697D /* PBXContainerItemProxy */;
		};
/* End PBXTargetDependency section */

/* Begin PBXVariantGroup section */
		D8BC9E7D26FB23E600C4697D /* LaunchScreen.storyboard */ = {
			isa = PBXVariantGroup;
			children = (
				D8BC9E7E26FB23E600C4697D /* Base */,
			);
			name = LaunchScreen.storyboard;
			sourceTree = "<group>";
		};
/* End PBXVariantGroup section */

/* Begin XCBuildConfiguration section */
		D8BC9E9726FB23E700C4697D /* Debug */ = {
			isa = XCBuildConfiguration;
			buildSettings = {
				ALWAYS_SEARCH_USER_PATHS = NO;
				CLANG_ANALYZER_NONNULL = YES;
				CLANG_ANALYZER_NUMBER_OBJECT_CONVERSION = YES_AGGRESSIVE;
				CLANG_CXX_LANGUAGE_STANDARD = "gnu++14";
				CLANG_CXX_LIBRARY = "libc++";
				CLANG_ENABLE_MODULES = YES;
				CLANG_ENABLE_OBJC_ARC = YES;
				CLANG_ENABLE_OBJC_WEAK = YES;
				CLANG_WARN_BLOCK_CAPTURE_AUTORELEASING = YES;
				CLANG_WARN_BOOL_CONVERSION = YES;
				CLANG_WARN_COMMA = YES;
				CLANG_WARN_CONSTANT_CONVERSION = YES;
				CLANG_WARN_DEPRECATED_OBJC_IMPLEMENTATIONS = YES;
				CLANG_WARN_DIRECT_OBJC_ISA_USAGE = YES_ERROR;
				CLANG_WARN_DOCUMENTATION_COMMENTS = YES;
				CLANG_WARN_EMPTY_BODY = YES;
				CLANG_WARN_ENUM_CONVERSION = YES;
				CLANG_WARN_INFINITE_RECURSION = YES;
				CLANG_WARN_INT_CONVERSION = YES;
				CLANG_WARN_NON_LITERAL_NULL_CONVERSION = YES;
				CLANG_WARN_OBJC_IMPLICIT_RETAIN_SELF = YES;
				CLANG_WARN_OBJC_LITERAL_CONVERSION = YES;
				CLANG_WARN_OBJC_ROOT_CLASS = YES_ERROR;
				CLANG_WARN_RANGE_LOOP_ANALYSIS = YES;
				CLANG_WARN_STRICT_PROTOTYPES = YES;
				CLANG_WARN_SUSPICIOUS_MOVE = YES;
				CLANG_WARN_UNGUARDED_AVAILABILITY = YES_AGGRESSIVE;
				CLANG_WARN_UNREACHABLE_CODE = YES;
				CLANG_WARN__DUPLICATE_METHOD_MATCH = YES;
				COPY_PHASE_STRIP = NO;
				DEBUG_INFORMATION_FORMAT = dwarf;
				ENABLE_STRICT_OBJC_MSGSEND = YES;
				ENABLE_TESTABILITY = YES;
				GCC_C_LANGUAGE_STANDARD = gnu11;
				GCC_DYNAMIC_NO_PIC = NO;
				GCC_NO_COMMON_BLOCKS = YES;
				GCC_OPTIMIZATION_LEVEL = 0;
				GCC_PREPROCESSOR_DEFINITIONS = (
					"DEBUG=1",
					"$(inherited)",
				);
				GCC_WARN_64_TO_32_BIT_CONVERSION = YES;
				GCC_WARN_ABOUT_RETURN_TYPE = YES_ERROR;
				GCC_WARN_UNDECLARED_SELECTOR = YES;
				GCC_WARN_UNINITIALIZED_AUTOS = YES_AGGRESSIVE;
				GCC_WARN_UNUSED_FUNCTION = YES;
				GCC_WARN_UNUSED_VARIABLE = YES;
				IPHONEOS_DEPLOYMENT_TARGET = 13.2;
				MTL_ENABLE_DEBUG_INFO = INCLUDE_SOURCE;
				MTL_FAST_MATH = YES;
				ONLY_ACTIVE_ARCH = YES;
				SDKROOT = iphoneos;
				SWIFT_ACTIVE_COMPILATION_CONDITIONS = DEBUG;
				SWIFT_OPTIMIZATION_LEVEL = "-Onone";
			};
			name = Debug;
		};
		D8BC9E9826FB23E700C4697D /* Release */ = {
			isa = XCBuildConfiguration;
			buildSettings = {
				ALWAYS_SEARCH_USER_PATHS = NO;
				CLANG_ANALYZER_NONNULL = YES;
				CLANG_ANALYZER_NUMBER_OBJECT_CONVERSION = YES_AGGRESSIVE;
				CLANG_CXX_LANGUAGE_STANDARD = "gnu++14";
				CLANG_CXX_LIBRARY = "libc++";
				CLANG_ENABLE_MODULES = YES;
				CLANG_ENABLE_OBJC_ARC = YES;
				CLANG_ENABLE_OBJC_WEAK = YES;
				CLANG_WARN_BLOCK_CAPTURE_AUTORELEASING = YES;
				CLANG_WARN_BOOL_CONVERSION = YES;
				CLANG_WARN_COMMA = YES;
				CLANG_WARN_CONSTANT_CONVERSION = YES;
				CLANG_WARN_DEPRECATED_OBJC_IMPLEMENTATIONS = YES;
				CLANG_WARN_DIRECT_OBJC_ISA_USAGE = YES_ERROR;
				CLANG_WARN_DOCUMENTATION_COMMENTS = YES;
				CLANG_WARN_EMPTY_BODY = YES;
				CLANG_WARN_ENUM_CONVERSION = YES;
				CLANG_WARN_INFINITE_RECURSION = YES;
				CLANG_WARN_INT_CONVERSION = YES;
				CLANG_WARN_NON_LITERAL_NULL_CONVERSION = YES;
				CLANG_WARN_OBJC_IMPLICIT_RETAIN_SELF = YES;
				CLANG_WARN_OBJC_LITERAL_CONVERSION = YES;
				CLANG_WARN_OBJC_ROOT_CLASS = YES_ERROR;
				CLANG_WARN_RANGE_LOOP_ANALYSIS = YES;
				CLANG_WARN_STRICT_PROTOTYPES = YES;
				CLANG_WARN_SUSPICIOUS_MOVE = YES;
				CLANG_WARN_UNGUARDED_AVAILABILITY = YES_AGGRESSIVE;
				CLANG_WARN_UNREACHABLE_CODE = YES;
				CLANG_WARN__DUPLICATE_METHOD_MATCH = YES;
				COPY_PHASE_STRIP = NO;
				DEBUG_INFORMATION_FORMAT = "dwarf-with-dsym";
				ENABLE_NS_ASSERTIONS = NO;
				ENABLE_STRICT_OBJC_MSGSEND = YES;
				GCC_C_LANGUAGE_STANDARD = gnu11;
				GCC_NO_COMMON_BLOCKS = YES;
				GCC_WARN_64_TO_32_BIT_CONVERSION = YES;
				GCC_WARN_ABOUT_RETURN_TYPE = YES_ERROR;
				GCC_WARN_UNDECLARED_SELECTOR = YES;
				GCC_WARN_UNINITIALIZED_AUTOS = YES_AGGRESSIVE;
				GCC_WARN_UNUSED_FUNCTION = YES;
				GCC_WARN_UNUSED_VARIABLE = YES;
				IPHONEOS_DEPLOYMENT_TARGET = 13.2;
				MTL_ENABLE_DEBUG_INFO = NO;
				MTL_FAST_MATH = YES;
				SDKROOT = iphoneos;
				SWIFT_COMPILATION_MODE = wholemodule;
				SWIFT_OPTIMIZATION_LEVEL = "-O";
				VALIDATE_PRODUCT = YES;
			};
			name = Release;
		};
		D8BC9E9A26FB23E700C4697D /* Debug */ = {
			isa = XCBuildConfiguration;
			buildSettings = {
				ASSETCATALOG_COMPILER_APPICON_NAME = AppIcon;
				CODE_SIGN_STYLE = Automatic;
				DEVELOPMENT_ASSET_PATHS = "\"MovieApp/Preview Content\"";
				ENABLE_PREVIEWS = YES;
				INFOPLIST_FILE = MovieApp/Info.plist;
				LD_RUNPATH_SEARCH_PATHS = (
					"$(inherited)",
					"@executable_path/Frameworks",
				);
				PRODUCT_BUNDLE_IDENTIFIER = easyTech.MovieApp;
				PRODUCT_NAME = "$(TARGET_NAME)";
				SWIFT_VERSION = 5.0;
				TARGETED_DEVICE_FAMILY = "1,2";
			};
			name = Debug;
		};
		D8BC9E9B26FB23E700C4697D /* Release */ = {
			isa = XCBuildConfiguration;
			buildSettings = {
				ASSETCATALOG_COMPILER_APPICON_NAME = AppIcon;
				CODE_SIGN_STYLE = Automatic;
				DEVELOPMENT_ASSET_PATHS = "\"MovieApp/Preview Content\"";
				ENABLE_PREVIEWS = YES;
				INFOPLIST_FILE = MovieApp/Info.plist;
				LD_RUNPATH_SEARCH_PATHS = (
					"$(inherited)",
					"@executable_path/Frameworks",
				);
				PRODUCT_BUNDLE_IDENTIFIER = easyTech.MovieApp;
				PRODUCT_NAME = "$(TARGET_NAME)";
				SWIFT_VERSION = 5.0;
				TARGETED_DEVICE_FAMILY = "1,2";
			};
			name = Release;
		};
		D8BC9E9D26FB23E700C4697D /* Debug */ = {
			isa = XCBuildConfiguration;
			buildSettings = {
				ALWAYS_EMBED_SWIFT_STANDARD_LIBRARIES = YES;
				BUNDLE_LOADER = "$(TEST_HOST)";
				CODE_SIGN_STYLE = Automatic;
				INFOPLIST_FILE = MovieAppTests/Info.plist;
				IPHONEOS_DEPLOYMENT_TARGET = 13.2;
				LD_RUNPATH_SEARCH_PATHS = (
					"$(inherited)",
					"@executable_path/Frameworks",
					"@loader_path/Frameworks",
				);
				PRODUCT_BUNDLE_IDENTIFIER = easyTech.MovieAppTests;
				PRODUCT_NAME = "$(TARGET_NAME)";
				SWIFT_VERSION = 5.0;
				TARGETED_DEVICE_FAMILY = "1,2";
				TEST_HOST = "$(BUILT_PRODUCTS_DIR)/MovieApp.app/MovieApp";
			};
			name = Debug;
		};
		D8BC9E9E26FB23E700C4697D /* Release */ = {
			isa = XCBuildConfiguration;
			buildSettings = {
				ALWAYS_EMBED_SWIFT_STANDARD_LIBRARIES = YES;
				BUNDLE_LOADER = "$(TEST_HOST)";
				CODE_SIGN_STYLE = Automatic;
				INFOPLIST_FILE = MovieAppTests/Info.plist;
				IPHONEOS_DEPLOYMENT_TARGET = 13.2;
				LD_RUNPATH_SEARCH_PATHS = (
					"$(inherited)",
					"@executable_path/Frameworks",
					"@loader_path/Frameworks",
				);
				PRODUCT_BUNDLE_IDENTIFIER = easyTech.MovieAppTests;
				PRODUCT_NAME = "$(TARGET_NAME)";
				SWIFT_VERSION = 5.0;
				TARGETED_DEVICE_FAMILY = "1,2";
				TEST_HOST = "$(BUILT_PRODUCTS_DIR)/MovieApp.app/MovieApp";
			};
			name = Release;
		};
		D8BC9EA026FB23E700C4697D /* Debug */ = {
			isa = XCBuildConfiguration;
			buildSettings = {
				ALWAYS_EMBED_SWIFT_STANDARD_LIBRARIES = YES;
				CODE_SIGN_STYLE = Automatic;
				INFOPLIST_FILE = MovieAppUITests/Info.plist;
				LD_RUNPATH_SEARCH_PATHS = (
					"$(inherited)",
					"@executable_path/Frameworks",
					"@loader_path/Frameworks",
				);
				PRODUCT_BUNDLE_IDENTIFIER = easyTech.MovieAppUITests;
				PRODUCT_NAME = "$(TARGET_NAME)";
				SWIFT_VERSION = 5.0;
				TARGETED_DEVICE_FAMILY = "1,2";
				TEST_TARGET_NAME = MovieApp;
			};
			name = Debug;
		};
		D8BC9EA126FB23E700C4697D /* Release */ = {
			isa = XCBuildConfiguration;
			buildSettings = {
				ALWAYS_EMBED_SWIFT_STANDARD_LIBRARIES = YES;
				CODE_SIGN_STYLE = Automatic;
				INFOPLIST_FILE = MovieAppUITests/Info.plist;
				LD_RUNPATH_SEARCH_PATHS = (
					"$(inherited)",
					"@executable_path/Frameworks",
					"@loader_path/Frameworks",
				);
				PRODUCT_BUNDLE_IDENTIFIER = easyTech.MovieAppUITests;
				PRODUCT_NAME = "$(TARGET_NAME)";
				SWIFT_VERSION = 5.0;
				TARGETED_DEVICE_FAMILY = "1,2";
				TEST_TARGET_NAME = MovieApp;
			};
			name = Release;
		};
/* End XCBuildConfiguration section */

/* Begin XCConfigurationList section */
		D8BC9E6A26FB23E300C4697D /* Build configuration list for PBXProject "MovieApp" */ = {
			isa = XCConfigurationList;
			buildConfigurations = (
				D8BC9E9726FB23E700C4697D /* Debug */,
				D8BC9E9826FB23E700C4697D /* Release */,
			);
			defaultConfigurationIsVisible = 0;
			defaultConfigurationName = Release;
		};
		D8BC9E9926FB23E700C4697D /* Build configuration list for PBXNativeTarget "MovieApp" */ = {
			isa = XCConfigurationList;
			buildConfigurations = (
				D8BC9E9A26FB23E700C4697D /* Debug */,
				D8BC9E9B26FB23E700C4697D /* Release */,
			);
			defaultConfigurationIsVisible = 0;
			defaultConfigurationName = Release;
		};
		D8BC9E9C26FB23E700C4697D /* Build configuration list for PBXNativeTarget "MovieAppTests" */ = {
			isa = XCConfigurationList;
			buildConfigurations = (
				D8BC9E9D26FB23E700C4697D /* Debug */,
				D8BC9E9E26FB23E700C4697D /* Release */,
			);
			defaultConfigurationIsVisible = 0;
			defaultConfigurationName = Release;
		};
		D8BC9E9F26FB23E700C4697D /* Build configuration list for PBXNativeTarget "MovieAppUITests" */ = {
			isa = XCConfigurationList;
			buildConfigurations = (
				D8BC9EA026FB23E700C4697D /* Debug */,
				D8BC9EA126FB23E700C4697D /* Release */,
			);
			defaultConfigurationIsVisible = 0;
			defaultConfigurationName = Release;
		};
/* End XCConfigurationList section */
	};
	rootObject = D8BC9E6726FB23E300C4697D /* Project object */;
}
